// !$*UTF8*$!
{
	archiveVersion = 1;
	classes = {
	};
	objectVersion = 51;
	objects = {

/* Begin PBXBuildFile section */
		420F6E8226B19CA800D4597D /* TimelineView.swift in Sources */ = {isa = PBXBuildFile; fileRef = 420F6E8126B19CA800D4597D /* TimelineView.swift */; };
		420F6E8426B19CC300D4597D /* BookmarkView.swift in Sources */ = {isa = PBXBuildFile; fileRef = 420F6E8326B19CC300D4597D /* BookmarkView.swift */; };
		420F6E8626B19CCE00D4597D /* SettingsView.swift in Sources */ = {isa = PBXBuildFile; fileRef = 420F6E8526B19CCE00D4597D /* SettingsView.swift */; };
		4282CF5C26DBC38500B5D141 /* MainView.swift in Sources */ = {isa = PBXBuildFile; fileRef = 4282CF5B26DBC38500B5D141 /* MainView.swift */; };
		42BB59A626A2C9F80005D588 /* BandAppApp.swift in Sources */ = {isa = PBXBuildFile; fileRef = 42BB59A526A2C9F80005D588 /* BandAppApp.swift */; };
		42BB59AA26A2C9F90005D588 /* Assets.xcassets in Resources */ = {isa = PBXBuildFile; fileRef = 42BB59A926A2C9F90005D588 /* Assets.xcassets */; };
		42BB59AD26A2C9F90005D588 /* Preview Assets.xcassets in Resources */ = {isa = PBXBuildFile; fileRef = 42BB59AC26A2C9F90005D588 /* Preview Assets.xcassets */; };
		42E61F2726B2A2C80077FB1D /* GoogleService-Info.plist in Resources */ = {isa = PBXBuildFile; fileRef = 42E61F2626B2A2C80077FB1D /* GoogleService-Info.plist */; };
		42E61F2926B2A4860077FB1D /* AuthenticationViewModel.swift in Sources */ = {isa = PBXBuildFile; fileRef = 42E61F2826B2A4860077FB1D /* AuthenticationViewModel.swift */; };
		FBAB90CE7D44572669C7B8F8 /* Pods_BandApp.framework in Frameworks */ = {isa = PBXBuildFile; fileRef = 17A08DCB064D13F69C5419BE /* Pods_BandApp.framework */; };
/* End PBXBuildFile section */

/* Begin PBXFileReference section */
		17A08DCB064D13F69C5419BE /* Pods_BandApp.framework */ = {isa = PBXFileReference; explicitFileType = wrapper.framework; includeInIndex = 0; path = Pods_BandApp.framework; sourceTree = BUILT_PRODUCTS_DIR; };
		420F6E8126B19CA800D4597D /* TimelineView.swift */ = {isa = PBXFileReference; lastKnownFileType = sourcecode.swift; path = TimelineView.swift; sourceTree = "<group>"; };
		420F6E8326B19CC300D4597D /* BookmarkView.swift */ = {isa = PBXFileReference; lastKnownFileType = sourcecode.swift; path = BookmarkView.swift; sourceTree = "<group>"; };
		420F6E8526B19CCE00D4597D /* SettingsView.swift */ = {isa = PBXFileReference; lastKnownFileType = sourcecode.swift; path = SettingsView.swift; sourceTree = "<group>"; };
		4282CF5B26DBC38500B5D141 /* MainView.swift */ = {isa = PBXFileReference; lastKnownFileType = sourcecode.swift; path = MainView.swift; sourceTree = "<group>"; };
		42BB59A226A2C9F80005D588 /* BandApp.app */ = {isa = PBXFileReference; explicitFileType = wrapper.application; includeInIndex = 0; path = BandApp.app; sourceTree = BUILT_PRODUCTS_DIR; };
		42BB59A526A2C9F80005D588 /* BandAppApp.swift */ = {isa = PBXFileReference; lastKnownFileType = sourcecode.swift; path = BandAppApp.swift; sourceTree = "<group>"; };
		42BB59A926A2C9F90005D588 /* Assets.xcassets */ = {isa = PBXFileReference; lastKnownFileType = folder.assetcatalog; path = Assets.xcassets; sourceTree = "<group>"; };
		42BB59AC26A2C9F90005D588 /* Preview Assets.xcassets */ = {isa = PBXFileReference; lastKnownFileType = folder.assetcatalog; path = "Preview Assets.xcassets"; sourceTree = "<group>"; };
		42BB59AE26A2C9F90005D588 /* Info.plist */ = {isa = PBXFileReference; lastKnownFileType = text.plist.xml; path = Info.plist; sourceTree = "<group>"; };
		42BB59B426A2CC030005D588 /* README.md */ = {isa = PBXFileReference; lastKnownFileType = net.daringfireball.markdown; path = README.md; sourceTree = "<group>"; };
		42E61F2626B2A2C80077FB1D /* GoogleService-Info.plist */ = {isa = PBXFileReference; fileEncoding = 4; lastKnownFileType = text.plist.xml; path = "GoogleService-Info.plist"; sourceTree = "<group>"; };
		42E61F2826B2A4860077FB1D /* AuthenticationViewModel.swift */ = {isa = PBXFileReference; lastKnownFileType = sourcecode.swift; path = AuthenticationViewModel.swift; sourceTree = "<group>"; };
		44BBF27AD30CED49C9DADAF9 /* Pods-BandApp.release.xcconfig */ = {isa = PBXFileReference; includeInIndex = 1; lastKnownFileType = text.xcconfig; name = "Pods-BandApp.release.xcconfig"; path = "Target Support Files/Pods-BandApp/Pods-BandApp.release.xcconfig"; sourceTree = "<group>"; };
		945A0E5997A92289275309F5 /* Pods-BandApp.debug.xcconfig */ = {isa = PBXFileReference; includeInIndex = 1; lastKnownFileType = text.xcconfig; name = "Pods-BandApp.debug.xcconfig"; path = "Target Support Files/Pods-BandApp/Pods-BandApp.debug.xcconfig"; sourceTree = "<group>"; };
/* End PBXFileReference section */

/* Begin PBXFrameworksBuildPhase section */
		42BB599F26A2C9F80005D588 /* Frameworks */ = {
			isa = PBXFrameworksBuildPhase;
			buildActionMask = 2147483647;
			files = (
				FBAB90CE7D44572669C7B8F8 /* Pods_BandApp.framework in Frameworks */,
			);
			runOnlyForDeploymentPostprocessing = 0;
		};
/* End PBXFrameworksBuildPhase section */

/* Begin PBXGroup section */
		421A958826A3D998002A40E4 /* Model */ = {
			isa = PBXGroup;
			children = (
			);
			path = Model;
			sourceTree = "<group>";
		};
		421A958926A3D99F002A40E4 /* View */ = {
			isa = PBXGroup;
			children = (
				4282CF5B26DBC38500B5D141 /* MainView.swift */,
				420F6E8526B19CCE00D4597D /* SettingsView.swift */,
				420F6E8326B19CC300D4597D /* BookmarkView.swift */,
				420F6E8126B19CA800D4597D /* TimelineView.swift */,
			);
			path = View;
			sourceTree = "<group>";
		};
		421A958A26A3D9A5002A40E4 /* ViewModel */ = {
			isa = PBXGroup;
			children = (
				42E61F2826B2A4860077FB1D /* AuthenticationViewModel.swift */,
			);
			path = ViewModel;
			sourceTree = "<group>";
		};
		42BB599926A2C9F80005D588 = {
			isa = PBXGroup;
			children = (
				42BB59A426A2C9F80005D588 /* BandApp */,
				42BB59A326A2C9F80005D588 /* Products */,
				83746FE569825C833B2F1221 /* Pods */,
				D5E09917A3C9227EEA1999EE /* Frameworks */,
			);
			sourceTree = "<group>";
		};
		42BB59A326A2C9F80005D588 /* Products */ = {
			isa = PBXGroup;
			children = (
				42BB59A226A2C9F80005D588 /* BandApp.app */,
			);
			name = Products;
			sourceTree = "<group>";
		};
		42BB59A426A2C9F80005D588 /* BandApp */ = {
			isa = PBXGroup;
			children = (
				42BB59B426A2CC030005D588 /* README.md */,
				42BB59A526A2C9F80005D588 /* BandAppApp.swift */,
				421A958826A3D998002A40E4 /* Model */,
				421A958926A3D99F002A40E4 /* View */,
				421A958A26A3D9A5002A40E4 /* ViewModel */,
				42BB59A926A2C9F90005D588 /* Assets.xcassets */,
				42E61F2626B2A2C80077FB1D /* GoogleService-Info.plist */,
				42BB59AE26A2C9F90005D588 /* Info.plist */,
				42BB59AB26A2C9F90005D588 /* Preview Content */,
			);
			path = BandApp;
			sourceTree = "<group>";
		};
		42BB59AB26A2C9F90005D588 /* Preview Content */ = {
			isa = PBXGroup;
			children = (
				42BB59AC26A2C9F90005D588 /* Preview Assets.xcassets */,
			);
			path = "Preview Content";
			sourceTree = "<group>";
		};
		83746FE569825C833B2F1221 /* Pods */ = {
			isa = PBXGroup;
			children = (
				945A0E5997A92289275309F5 /* Pods-BandApp.debug.xcconfig */,
				44BBF27AD30CED49C9DADAF9 /* Pods-BandApp.release.xcconfig */,
			);
			path = Pods;
			sourceTree = "<group>";
		};
		D5E09917A3C9227EEA1999EE /* Frameworks */ = {
			isa = PBXGroup;
			children = (
				17A08DCB064D13F69C5419BE /* Pods_BandApp.framework */,
			);
			name = Frameworks;
			sourceTree = "<group>";
		};
/* End PBXGroup section */

/* Begin PBXNativeTarget section */
		42BB59A126A2C9F80005D588 /* BandApp */ = {
			isa = PBXNativeTarget;
			buildConfigurationList = 42BB59B126A2C9F90005D588 /* Build configuration list for PBXNativeTarget "BandApp" */;
			buildPhases = (
				DEDE9EEB81C65A3BAAF2B092 /* [CP] Check Pods Manifest.lock */,
				42BB599E26A2C9F80005D588 /* Sources */,
				42BB599F26A2C9F80005D588 /* Frameworks */,
				42BB59A026A2C9F80005D588 /* Resources */,
				6C5ED910D6AFE2F807E782A9 /* [CP] Embed Pods Frameworks */,
			);
			buildRules = (
			);
			dependencies = (
			);
			name = BandApp;
			productName = BandApp;
			productReference = 42BB59A226A2C9F80005D588 /* BandApp.app */;
			productType = "com.apple.product-type.application";
		};
/* End PBXNativeTarget section */

/* Begin PBXProject section */
		42BB599A26A2C9F80005D588 /* Project object */ = {
			isa = PBXProject;
			attributes = {
				LastSwiftUpdateCheck = 1250;
				LastUpgradeCheck = 1250;
				TargetAttributes = {
					42BB59A126A2C9F80005D588 = {
						CreatedOnToolsVersion = 12.5.1;
					};
				};
			};
			buildConfigurationList = 42BB599D26A2C9F80005D588 /* Build configuration list for PBXProject "BandApp" */;
			compatibilityVersion = "Xcode 9.3";
			developmentRegion = en;
			hasScannedForEncodings = 0;
			knownRegions = (
				en,
				Base,
			);
			mainGroup = 42BB599926A2C9F80005D588;
			productRefGroup = 42BB59A326A2C9F80005D588 /* Products */;
			projectDirPath = "";
			projectRoot = "";
			targets = (
				42BB59A126A2C9F80005D588 /* BandApp */,
			);
		};
/* End PBXProject section */

/* Begin PBXResourcesBuildPhase section */
		42BB59A026A2C9F80005D588 /* Resources */ = {
			isa = PBXResourcesBuildPhase;
			buildActionMask = 2147483647;
			files = (
				42BB59AD26A2C9F90005D588 /* Preview Assets.xcassets in Resources */,
				42BB59AA26A2C9F90005D588 /* Assets.xcassets in Resources */,
				42E61F2726B2A2C80077FB1D /* GoogleService-Info.plist in Resources */,
			);
			runOnlyForDeploymentPostprocessing = 0;
		};
/* End PBXResourcesBuildPhase section */

/* Begin PBXShellScriptBuildPhase section */
		6C5ED910D6AFE2F807E782A9 /* [CP] Embed Pods Frameworks */ = {
			isa = PBXShellScriptBuildPhase;
			buildActionMask = 2147483647;
			files = (
			);
			inputFileListPaths = (
				"${PODS_ROOT}/Target Support Files/Pods-BandApp/Pods-BandApp-frameworks-${CONFIGURATION}-input-files.xcfilelist",
			);
			name = "[CP] Embed Pods Frameworks";
			outputFileListPaths = (
				"${PODS_ROOT}/Target Support Files/Pods-BandApp/Pods-BandApp-frameworks-${CONFIGURATION}-output-files.xcfilelist",
			);
			runOnlyForDeploymentPostprocessing = 0;
			shellPath = /bin/sh;
			shellScript = "\"${PODS_ROOT}/Target Support Files/Pods-BandApp/Pods-BandApp-frameworks.sh\"\n";
			showEnvVarsInLog = 0;
		};
		DEDE9EEB81C65A3BAAF2B092 /* [CP] Check Pods Manifest.lock */ = {
			isa = PBXShellScriptBuildPhase;
			buildActionMask = 2147483647;
			files = (
			);
			inputFileListPaths = (
			);
			inputPaths = (
				"${PODS_PODFILE_DIR_PATH}/Podfile.lock",
				"${PODS_ROOT}/Manifest.lock",
			);
			name = "[CP] Check Pods Manifest.lock";
			outputFileListPaths = (
			);
			outputPaths = (
				"$(DERIVED_FILE_DIR)/Pods-BandApp-checkManifestLockResult.txt",
			);
			runOnlyForDeploymentPostprocessing = 0;
			shellPath = /bin/sh;
			shellScript = "diff \"${PODS_PODFILE_DIR_PATH}/Podfile.lock\" \"${PODS_ROOT}/Manifest.lock\" > /dev/null\nif [ $? != 0 ] ; then\n    # print error to STDERR\n    echo \"error: The sandbox is not in sync with the Podfile.lock. Run 'pod install' or update your CocoaPods installation.\" >&2\n    exit 1\nfi\n# This output is used by Xcode 'outputs' to avoid re-running this script phase.\necho \"SUCCESS\" > \"${SCRIPT_OUTPUT_FILE_0}\"\n";
			showEnvVarsInLog = 0;
		};
/* End PBXShellScriptBuildPhase section */

/* Begin PBXSourcesBuildPhase section */
		42BB599E26A2C9F80005D588 /* Sources */ = {
			isa = PBXSourcesBuildPhase;
			buildActionMask = 2147483647;
			files = (
				42E61F2926B2A4860077FB1D /* AuthenticationViewModel.swift in Sources */,
				4282CF5C26DBC38500B5D141 /* MainView.swift in Sources */,
				420F6E8626B19CCE00D4597D /* SettingsView.swift in Sources */,
				420F6E8226B19CA800D4597D /* TimelineView.swift in Sources */,
				420F6E8426B19CC300D4597D /* BookmarkView.swift in Sources */,
				42BB59A626A2C9F80005D588 /* BandAppApp.swift in Sources */,
			);
			runOnlyForDeploymentPostprocessing = 0;
		};
/* End PBXSourcesBuildPhase section */

/* Begin XCBuildConfiguration section */
		42BB59AF26A2C9F90005D588 /* Debug */ = {
			isa = XCBuildConfiguration;
			buildSettings = {
				ALWAYS_SEARCH_USER_PATHS = NO;
				CLANG_ANALYZER_NONNULL = YES;
				CLANG_ANALYZER_NUMBER_OBJECT_CONVERSION = YES_AGGRESSIVE;
				CLANG_CXX_LANGUAGE_STANDARD = "gnu++14";
				CLANG_CXX_LIBRARY = "libc++";
				CLANG_ENABLE_MODULES = YES;
				CLANG_ENABLE_OBJC_ARC = YES;
				CLANG_ENABLE_OBJC_WEAK = YES;
				CLANG_WARN_BLOCK_CAPTURE_AUTORELEASING = YES;
				CLANG_WARN_BOOL_CONVERSION = YES;
				CLANG_WARN_COMMA = YES;
				CLANG_WARN_CONSTANT_CONVERSION = YES;
				CLANG_WARN_DEPRECATED_OBJC_IMPLEMENTATIONS = YES;
				CLANG_WARN_DIRECT_OBJC_ISA_USAGE = YES_ERROR;
				CLANG_WARN_DOCUMENTATION_COMMENTS = YES;
				CLANG_WARN_EMPTY_BODY = YES;
				CLANG_WARN_ENUM_CONVERSION = YES;
				CLANG_WARN_INFINITE_RECURSION = YES;
				CLANG_WARN_INT_CONVERSION = YES;
				CLANG_WARN_NON_LITERAL_NULL_CONVERSION = YES;
				CLANG_WARN_OBJC_IMPLICIT_RETAIN_SELF = YES;
				CLANG_WARN_OBJC_LITERAL_CONVERSION = YES;
				CLANG_WARN_OBJC_ROOT_CLASS = YES_ERROR;
				CLANG_WARN_QUOTED_INCLUDE_IN_FRAMEWORK_HEADER = YES;
				CLANG_WARN_RANGE_LOOP_ANALYSIS = YES;
				CLANG_WARN_STRICT_PROTOTYPES = YES;
				CLANG_WARN_SUSPICIOUS_MOVE = YES;
				CLANG_WARN_UNGUARDED_AVAILABILITY = YES_AGGRESSIVE;
				CLANG_WARN_UNREACHABLE_CODE = YES;
				CLANG_WARN__DUPLICATE_METHOD_MATCH = YES;
				COPY_PHASE_STRIP = NO;
				DEBUG_INFORMATION_FORMAT = dwarf;
				ENABLE_STRICT_OBJC_MSGSEND = YES;
				ENABLE_TESTABILITY = YES;
				GCC_C_LANGUAGE_STANDARD = gnu11;
				GCC_DYNAMIC_NO_PIC = NO;
				GCC_NO_COMMON_BLOCKS = YES;
				GCC_OPTIMIZATION_LEVEL = 0;
				GCC_PREPROCESSOR_DEFINITIONS = (
					"DEBUG=1",
					"$(inherited)",
				);
				GCC_WARN_64_TO_32_BIT_CONVERSION = YES;
				GCC_WARN_ABOUT_RETURN_TYPE = YES_ERROR;
				GCC_WARN_UNDECLARED_SELECTOR = YES;
				GCC_WARN_UNINITIALIZED_AUTOS = YES_AGGRESSIVE;
				GCC_WARN_UNUSED_FUNCTION = YES;
				GCC_WARN_UNUSED_VARIABLE = YES;
				IPHONEOS_DEPLOYMENT_TARGET = 14.5;
				MTL_ENABLE_DEBUG_INFO = INCLUDE_SOURCE;
				MTL_FAST_MATH = YES;
				ONLY_ACTIVE_ARCH = YES;
				SDKROOT = iphoneos;
				SWIFT_ACTIVE_COMPILATION_CONDITIONS = DEBUG;
				SWIFT_OPTIMIZATION_LEVEL = "-Onone";
			};
			name = Debug;
		};
		42BB59B026A2C9F90005D588 /* Release */ = {
			isa = XCBuildConfiguration;
			buildSettings = {
				ALWAYS_SEARCH_USER_PATHS = NO;
				CLANG_ANALYZER_NONNULL = YES;
				CLANG_ANALYZER_NUMBER_OBJECT_CONVERSION = YES_AGGRESSIVE;
				CLANG_CXX_LANGUAGE_STANDARD = "gnu++14";
				CLANG_CXX_LIBRARY = "libc++";
				CLANG_ENABLE_MODULES = YES;
				CLANG_ENABLE_OBJC_ARC = YES;
				CLANG_ENABLE_OBJC_WEAK = YES;
				CLANG_WARN_BLOCK_CAPTURE_AUTORELEASING = YES;
				CLANG_WARN_BOOL_CONVERSION = YES;
				CLANG_WARN_COMMA = YES;
				CLANG_WARN_CONSTANT_CONVERSION = YES;
				CLANG_WARN_DEPRECATED_OBJC_IMPLEMENTATIONS = YES;
				CLANG_WARN_DIRECT_OBJC_ISA_USAGE = YES_ERROR;
				CLANG_WARN_DOCUMENTATION_COMMENTS = YES;
				CLANG_WARN_EMPTY_BODY = YES;
				CLANG_WARN_ENUM_CONVERSION = YES;
				CLANG_WARN_INFINITE_RECURSION = YES;
				CLANG_WARN_INT_CONVERSION = YES;
				CLANG_WARN_NON_LITERAL_NULL_CONVERSION = YES;
				CLANG_WARN_OBJC_IMPLICIT_RETAIN_SELF = YES;
				CLANG_WARN_OBJC_LITERAL_CONVERSION = YES;
				CLANG_WARN_OBJC_ROOT_CLASS = YES_ERROR;
				CLANG_WARN_QUOTED_INCLUDE_IN_FRAMEWORK_HEADER = YES;
				CLANG_WARN_RANGE_LOOP_ANALYSIS = YES;
				CLANG_WARN_STRICT_PROTOTYPES = YES;
				CLANG_WARN_SUSPICIOUS_MOVE = YES;
				CLANG_WARN_UNGUARDED_AVAILABILITY = YES_AGGRESSIVE;
				CLANG_WARN_UNREACHABLE_CODE = YES;
				CLANG_WARN__DUPLICATE_METHOD_MATCH = YES;
				COPY_PHASE_STRIP = NO;
				DEBUG_INFORMATION_FORMAT = "dwarf-with-dsym";
				ENABLE_NS_ASSERTIONS = NO;
				ENABLE_STRICT_OBJC_MSGSEND = YES;
				GCC_C_LANGUAGE_STANDARD = gnu11;
				GCC_NO_COMMON_BLOCKS = YES;
				GCC_WARN_64_TO_32_BIT_CONVERSION = YES;
				GCC_WARN_ABOUT_RETURN_TYPE = YES_ERROR;
				GCC_WARN_UNDECLARED_SELECTOR = YES;
				GCC_WARN_UNINITIALIZED_AUTOS = YES_AGGRESSIVE;
				GCC_WARN_UNUSED_FUNCTION = YES;
				GCC_WARN_UNUSED_VARIABLE = YES;
				IPHONEOS_DEPLOYMENT_TARGET = 14.5;
				MTL_ENABLE_DEBUG_INFO = NO;
				MTL_FAST_MATH = YES;
				SDKROOT = iphoneos;
				SWIFT_COMPILATION_MODE = wholemodule;
				SWIFT_OPTIMIZATION_LEVEL = "-O";
				VALIDATE_PRODUCT = YES;
			};
			name = Release;
		};
		42BB59B226A2C9F90005D588 /* Debug */ = {
			isa = XCBuildConfiguration;
			baseConfigurationReference = 945A0E5997A92289275309F5 /* Pods-BandApp.debug.xcconfig */;
			buildSettings = {
				ASSETCATALOG_COMPILER_APPICON_NAME = AppIcon;
				ASSETCATALOG_COMPILER_GLOBAL_ACCENT_COLOR_NAME = AccentColor;
				CODE_SIGN_STYLE = Automatic;
				DEVELOPMENT_ASSET_PATHS = "\"BandApp/Preview Content\"";
				DEVELOPMENT_TEAM = 4DVD7FVTR7;
				ENABLE_PREVIEWS = YES;
				INFOPLIST_FILE = BandApp/Info.plist;
				IPHONEOS_DEPLOYMENT_TARGET = 14.0;
				LD_RUNPATH_SEARCH_PATHS = (
					"$(inherited)",
					"@executable_path/Frameworks",
				);
				PRODUCT_BUNDLE_IDENTIFIER = takumi.ot.BandApp;
				PRODUCT_NAME = "$(TARGET_NAME)";
				SWIFT_VERSION = 5.0;
				TARGETED_DEVICE_FAMILY = "1,2";
			};
			name = Debug;
		};
		42BB59B326A2C9F90005D588 /* Release */ = {
			isa = XCBuildConfiguration;
			baseConfigurationReference = 44BBF27AD30CED49C9DADAF9 /* Pods-BandApp.release.xcconfig */;
			buildSettings = {
				ASSETCATALOG_COMPILER_APPICON_NAME = AppIcon;
				ASSETCATALOG_COMPILER_GLOBAL_ACCENT_COLOR_NAME = AccentColor;
				CODE_SIGN_STYLE = Automatic;
				DEVELOPMENT_ASSET_PATHS = "\"BandApp/Preview Content\"";
				DEVELOPMENT_TEAM = 4DVD7FVTR7;
				ENABLE_PREVIEWS = YES;
				INFOPLIST_FILE = BandApp/Info.plist;
				IPHONEOS_DEPLOYMENT_TARGET = 14.0;
				LD_RUNPATH_SEARCH_PATHS = (
					"$(inherited)",
					"@executable_path/Frameworks",
				);
				PRODUCT_BUNDLE_IDENTIFIER = takumi.ot.BandApp;
				PRODUCT_NAME = "$(TARGET_NAME)";
				SWIFT_VERSION = 5.0;
				TARGETED_DEVICE_FAMILY = "1,2";
			};
			name = Release;
		};
/* End XCBuildConfiguration section */

/* Begin XCConfigurationList section */
		42BB599D26A2C9F80005D588 /* Build configuration list for PBXProject "BandApp" */ = {
			isa = XCConfigurationList;
			buildConfigurations = (
				42BB59AF26A2C9F90005D588 /* Debug */,
				42BB59B026A2C9F90005D588 /* Release */,
			);
			defaultConfigurationIsVisible = 0;
			defaultConfigurationName = Release;
		};
		42BB59B126A2C9F90005D588 /* Build configuration list for PBXNativeTarget "BandApp" */ = {
			isa = XCConfigurationList;
			buildConfigurations = (
				42BB59B226A2C9F90005D588 /* Debug */,
				42BB59B326A2C9F90005D588 /* Release */,
			);
			defaultConfigurationIsVisible = 0;
			defaultConfigurationName = Release;
		};
/* End XCConfigurationList section */
	};
	rootObject = 42BB599A26A2C9F80005D588 /* Project object */;
}
